
Microsoft Visual Studio Solution File, Format Version 12.00
# Visual Studio Version 17
VisualStudioVersion = 17.0.31903.59
MinimumVisualStudioVersion = 10.0.40219.1
Project("{FAE04EC0-301F-11D3-BF4B-00C04F79EFBC}") = "BookStore.Api", "BookStore.Api\BookStore.Api.csproj", "{DEF29E10-E6FC-4216-B1DC-B4D9642F5E06}"
EndProject
Project("{FAE04EC0-301F-11D3-BF4B-00C04F79EFBC}") = "BookStore.Application", "BookStore.Application\BookStore.Application.csproj", "{EEAF05BE-DA11-4AF8-BAAD-E72E50C87C41}"
EndProject
Project("{FAE04EC0-301F-11D3-BF4B-00C04F79EFBC}") = "BookStore.Domain", "BookStore.Domain\BookStore.Domain.csproj", "{4AF70764-6D57-4240-B9F7-6F5212C22B33}"
EndProject
Project("{FAE04EC0-301F-11D3-BF4B-00C04F79EFBC}") = "BookStore.Infrastructure", "BookStore.Infrastructure\BookStore.Infrastructure.csproj", "{23AE24BB-A264-4201-85A6-8D26B412A33C}"
EndProject
Global
	GlobalSection(SolutionConfigurationPlatforms) = preSolution
		Debug|Any CPU = Debug|Any CPU
		Release|Any CPU = Release|Any CPU
	EndGlobalSection
	GlobalSection(SolutionProperties) = preSolution
		HideSolutionNode = FALSE
	EndGlobalSection
	GlobalSection(ProjectConfigurationPlatforms) = postSolution
		{DEF29E10-E6FC-4216-B1DC-B4D9642F5E06}.Debug|Any CPU.ActiveCfg = Debug|Any CPU
		{DEF29E10-E6FC-4216-B1DC-B4D9642F5E06}.Debug|Any CPU.Build.0 = Debug|Any CPU
		{DEF29E10-E6FC-4216-B1DC-B4D9642F5E06}.Release|Any CPU.ActiveCfg = Release|Any CPU
		{DEF29E10-E6FC-4216-B1DC-B4D9642F5E06}.Release|Any CPU.Build.0 = Release|Any CPU
		{EEAF05BE-DA11-4AF8-BAAD-E72E50C87C41}.Debug|Any CPU.ActiveCfg = Debug|Any CPU
		{EEAF05BE-DA11-4AF8-BAAD-E72E50C87C41}.Debug|Any CPU.Build.0 = Debug|Any CPU
		{EEAF05BE-DA11-4AF8-BAAD-E72E50C87C41}.Release|Any CPU.ActiveCfg = Release|Any CPU
		{EEAF05BE-DA11-4AF8-BAAD-E72E50C87C41}.Release|Any CPU.Build.0 = Release|Any CPU
		{4AF70764-6D57-4240-B9F7-6F5212C22B33}.Debug|Any CPU.ActiveCfg = Debug|Any CPU
		{4AF70764-6D57-4240-B9F7-6F5212C22B33}.Debug|Any CPU.Build.0 = Debug|Any CPU
		{4AF70764-6D57-4240-B9F7-6F5212C22B33}.Release|Any CPU.ActiveCfg = Release|Any CPU
		{4AF70764-6D57-4240-B9F7-6F5212C22B33}.Release|Any CPU.Build.0 = Release|Any CPU
		{23AE24BB-A264-4201-85A6-8D26B412A33C}.Debug|Any CPU.ActiveCfg = Debug|Any CPU
		{23AE24BB-A264-4201-85A6-8D26B412A33C}.Debug|Any CPU.Build.0 = Debug|Any CPU
		{23AE24BB-A264-4201-85A6-8D26B412A33C}.Release|Any CPU.ActiveCfg = Release|Any CPU
		{23AE24BB-A264-4201-85A6-8D26B412A33C}.Release|Any CPU.Build.0 = Release|Any CPU
	EndGlobalSection
EndGlobal
